github.com/TreyBastian/colourize v0.0.0-20160510094957-c352b0ac60d7 h1:wrxf0e4f1MWinOExQbqIcrOyKPcYF8kVHfW9Fxvhwgc=
github.com/TreyBastian/colourize v0.0.0-20160510094957-c352b0ac60d7/go.mod h1:qYZagpzkOxOtrbx2AfOO90niGMZ2RImNJ47J2942+No=
github.com/logrusorgru/aurora v2.0.3+incompatible h1:tOpm7WcpBTn4fjmVfgpQq0EfczGlG91VSDkswnjF5A8=
github.com/logrusorgru/aurora v2.0.3+incompatible/go.mod h1:7rIyQOR62GCctdiQpZ/zOJlFyk6y+94wXzv6RNZgaR4=
